
Microsoft Visual Studio Solution File, Format Version 12.00
# Visual Studio Version 17
VisualStudioVersion = 17.4.33110.190
MinimumVisualStudioVersion = 10.0.40219.1
Project("{FAE04EC0-301F-11D3-BF4B-00C04F79EFBC}") = "HorseCollect", "HorseCollect\HorseCollect.csproj", "{1A0CB28B-97A4-4491-ACFB-A94EB2775A15}"
EndProject
Global
	GlobalSection(SolutionConfigurationPlatforms) = preSolution
		Debug|Any CPU = Debug|Any CPU
		Release|Any CPU = Release|Any CPU
	EndGlobalSection
	GlobalSection(ProjectConfigurationPlatforms) = postSolution
		{1A0CB28B-97A4-4491-ACFB-A94EB2775A15}.Debug|Any CPU.ActiveCfg = Debug|Any CPU
		{1A0CB28B-97A4-4491-ACFB-A94EB2775A15}.Debug|Any CPU.Build.0 = Debug|Any CPU
		{1A0CB28B-97A4-4491-ACFB-A94EB2775A15}.Release|Any CPU.ActiveCfg = Release|Any CPU
		{1A0CB28B-97A4-4491-ACFB-A94EB2775A15}.Release|Any CPU.Build.0 = Release|Any CPU
	EndGlobalSection
	GlobalSection(SolutionProperties) = preSolution
		HideSolutionNode = FALSE
	EndGlobalSection
	GlobalSection(ExtensibilityGlobals) = postSolution
		SolutionGuid = {291AF8D3-53C6-4712-B3EF-B4BD74E3F4CC}
	EndGlobalSection
EndGlobal
